
Microsoft Visual Studio Solution File, Format Version 12.00
# Visual Studio Version 16
VisualStudioVersion = 16.0.28803.202
MinimumVisualStudioVersion = 10.0.40219.1
Project("{FAE04EC0-301F-11D3-BF4B-00C04F79EFBC}") = "FootballMatches", "FootballMatches\FootballMatches.csproj", "{FF2B9513-C1D6-45AA-A53A-2D66EAEA3079}"
EndProject
Global
	GlobalSection(SolutionConfigurationPlatforms) = preSolution
		Debug|Any CPU = Debug|Any CPU
		Release|Any CPU = Release|Any CPU
	EndGlobalSection
	GlobalSection(ProjectConfigurationPlatforms) = postSolution
		{FF2B9513-C1D6-45AA-A53A-2D66EAEA3079}.Debug|Any CPU.ActiveCfg = Debug|Any CPU
		{FF2B9513-C1D6-45AA-A53A-2D66EAEA3079}.Debug|Any CPU.Build.0 = Debug|Any CPU
		{FF2B9513-C1D6-45AA-A53A-2D66EAEA3079}.Release|Any CPU.ActiveCfg = Release|Any CPU
		{FF2B9513-C1D6-45AA-A53A-2D66EAEA3079}.Release|Any CPU.Build.0 = Release|Any CPU
	EndGlobalSection
	GlobalSection(SolutionProperties) = preSolution
		HideSolutionNode = FALSE
	EndGlobalSection
	GlobalSection(ExtensibilityGlobals) = postSolution
		SolutionGuid = {CC080042-CC08-47C3-A4FF-B4C5A0205C07}
	EndGlobalSection
EndGlobal
